# This file was autogenerated by Stack.
# You should not edit this file by hand.
# For more information, please see the documentation at:
#   https://docs.haskellstack.org/en/stable/lock_files

packages:
- completed:
    hackage: bytestring-0.11.0.0@sha256:99961fcc8d1b8af8a6c0a5149e5f3be16da308bbaf4084567e17b37276301d62,5903
    pantry-tree:
      size: 1915
      sha256: 2fdb3d3b297b6eb23fbc45fe91ed87594400877f5ff815d9b3ae9bffd14ddb06
  original:
    hackage: bytestring-0.11.0.0
snapshots:
- completed:
    size: 567672
    url: https://raw.githubusercontent.com/commercialhaskell/stackage-snapshots/master/lts/17/11.yaml
    sha256: 03181cdbeb671eb605bbcf6f285bea4d094b6ac7433a0e14a9f1dd54ad995938
  original:
    url: https://raw.githubusercontent.com/commercialhaskell/stackage-snapshots/master/lts/17/11.yaml
